// !$*UTF8*$!
{
	archiveVersion = 1;
	classes = {
	};
	objectVersion = 71;
	objects = {

/* Begin PBXBuildFile section */
		48952DF02D4D69D400476373 /* MarkdownUI in Frameworks */ = {isa = PBXBuildFile; productRef = 48952DEF2D4D69D400476373 /* MarkdownUI */; };
		489710A22D14D22600F0DB43 /* README.md in Resources */ = {isa = PBXBuildFile; fileRef = 489710A12D14D22600F0DB43 /* README.md */; };
		489FD75C2CF13E4E0011E908 /* AttestManager.swift in Sources */ = {isa = PBXBuildFile; fileRef = 489FD75B2CF13E4E0011E908 /* AttestManager.swift */; };
		48B806352CF54D9F00E1CC0A /* LambdaResponseModel.swift in Sources */ = {isa = PBXBuildFile; fileRef = 48B806342CF54D9600E1CC0A /* LambdaResponseModel.swift */; };
		48E37C202D0271610030C57C /* KeyboardResponder.swift in Sources */ = {isa = PBXBuildFile; fileRef = 48E37C1F2D02715B0030C57C /* KeyboardResponder.swift */; };
		58A7F8BC2D4C16F20041AA70 /* LICENSE in Resources */ = {isa = PBXBuildFile; fileRef = 58A7F8BB2D4C16F20041AA70 /* LICENSE */; };
		A0117FEC2C990EAB00035007 /* OLMoE_swiftApp.swift in Sources */ = {isa = PBXBuildFile; fileRef = A0117FEB2C990EAB00035007 /* OLMoE_swiftApp.swift */; };
		A0117FF02C990EAC00035007 /* Assets.xcassets in Resources */ = {isa = PBXBuildFile; fileRef = A0117FEF2C990EAC00035007 /* Assets.xcassets */; };
		A0117FF42C990EAC00035007 /* Preview Assets.xcassets in Resources */ = {isa = PBXBuildFile; fileRef = A0117FF32C990EAC00035007 /* Preview Assets.xcassets */; };
		A0117FFF2C990F5600035007 /* llama in Frameworks */ = {isa = PBXBuildFile; productRef = A0117FFE2C990F5600035007 /* llama */; };
		A01180012C990F7600035007 /* LLM.swift in Sources */ = {isa = PBXBuildFile; fileRef = A01180002C990F7600035007 /* LLM.swift */; };
		A046603D2CA3FAFA007BD14C /* Configuration.swift in Sources */ = {isa = PBXBuildFile; fileRef = A046603C2CA3FAFA007BD14C /* Configuration.swift */; };
		A046603F2CA400D2007BD14C /* AppInfo.swift in Sources */ = {isa = PBXBuildFile; fileRef = A046603E2CA400D2007BD14C /* AppInfo.swift */; };
		B26FDB4A2CEAD53000E1D57C /* HuggingFaceModel.swift in Sources */ = {isa = PBXBuildFile; fileRef = B26FDB492CEAD53000E1D57C /* HuggingFaceModel.swift */; };
		B26FDB4C2CEAD53700E1D57C /* HuggingFaceError.swift in Sources */ = {isa = PBXBuildFile; fileRef = B26FDB4B2CEAD53700E1D57C /* HuggingFaceError.swift */; };
		B26FDB4E2CEAD53E00E1D57C /* Quantization.swift in Sources */ = {isa = PBXBuildFile; fileRef = B26FDB4D2CEAD53E00E1D57C /* Quantization.swift */; };
		B26FDB502CEAD54400E1D57C /* Template.swift in Sources */ = {isa = PBXBuildFile; fileRef = B26FDB4F2CEAD54400E1D57C /* Template.swift */; };
		B26FDB522CEAD54C00E1D57C /* Role.swift in Sources */ = {isa = PBXBuildFile; fileRef = B26FDB512CEAD54C00E1D57C /* Role.swift */; };
		B26FDB5C2CEAD5C400E1D57C /* Context.swift in Sources */ = {isa = PBXBuildFile; fileRef = B26FDB5B2CEAD5C400E1D57C /* Context.swift */; };
		B26FDB5E2CEAD5CB00E1D57C /* Model.swift in Sources */ = {isa = PBXBuildFile; fileRef = B26FDB5D2CEAD5CB00E1D57C /* Model.swift */; };
/* End PBXBuildFile section */

/* Begin PBXFileReference section */
		48194C372D14D7C500E76532 /* README.md */ = {isa = PBXFileReference; lastKnownFileType = net.daringfireball.markdown; path = README.md; sourceTree = "<group>"; };
		489710A12D14D22600F0DB43 /* README.md */ = {isa = PBXFileReference; lastKnownFileType = net.daringfireball.markdown; path = README.md; sourceTree = "<group>"; xcLanguageSpecificationIdentifier = xcode.lang.markdown; };
		489FD75B2CF13E4E0011E908 /* AttestManager.swift */ = {isa = PBXFileReference; lastKnownFileType = sourcecode.swift; path = AttestManager.swift; sourceTree = "<group>"; };
		48B806342CF54D9600E1CC0A /* LambdaResponseModel.swift */ = {isa = PBXFileReference; lastKnownFileType = sourcecode.swift; path = LambdaResponseModel.swift; sourceTree = "<group>"; };
		48E37C1F2D02715B0030C57C /* KeyboardResponder.swift */ = {isa = PBXFileReference; lastKnownFileType = sourcecode.swift; path = KeyboardResponder.swift; sourceTree = "<group>"; };
		58A7F8BB2D4C16F20041AA70 /* LICENSE */ = {isa = PBXFileReference; lastKnownFileType = text; path = LICENSE; sourceTree = "<group>"; };
		A0117FE82C990EAB00035007 /* OLMoE.swift.app */ = {isa = PBXFileReference; explicitFileType = wrapper.application; includeInIndex = 0; path = OLMoE.swift.app; sourceTree = BUILT_PRODUCTS_DIR; };
		A0117FEB2C990EAB00035007 /* OLMoE_swiftApp.swift */ = {isa = PBXFileReference; lastKnownFileType = sourcecode.swift; path = OLMoE_swiftApp.swift; sourceTree = "<group>"; };
		A0117FEF2C990EAC00035007 /* Assets.xcassets */ = {isa = PBXFileReference; lastKnownFileType = folder.assetcatalog; path = Assets.xcassets; sourceTree = "<group>"; };
		A0117FF12C990EAC00035007 /* OLMoE_swift.entitlements */ = {isa = PBXFileReference; lastKnownFileType = text.plist.entitlements; path = OLMoE_swift.entitlements; sourceTree = "<group>"; };
		A0117FF32C990EAC00035007 /* Preview Assets.xcassets */ = {isa = PBXFileReference; lastKnownFileType = folder.assetcatalog; path = "Preview Assets.xcassets"; sourceTree = "<group>"; };
		A01180002C990F7600035007 /* LLM.swift */ = {isa = PBXFileReference; lastKnownFileType = sourcecode.swift; path = LLM.swift; sourceTree = "<group>"; };
		A046603C2CA3FAFA007BD14C /* Configuration.swift */ = {isa = PBXFileReference; lastKnownFileType = sourcecode.swift; path = Configuration.swift; sourceTree = "<group>"; };
		A046603E2CA400D2007BD14C /* AppInfo.swift */ = {isa = PBXFileReference; lastKnownFileType = sourcecode.swift; path = AppInfo.swift; sourceTree = "<group>"; };
		A04660402CA4017D007BD14C /* OLMoE-swift-Info.plist */ = {isa = PBXFileReference; lastKnownFileType = text.plist; path = "OLMoE-swift-Info.plist"; sourceTree = SOURCE_ROOT; };
		B26FDB492CEAD53000E1D57C /* HuggingFaceModel.swift */ = {isa = PBXFileReference; lastKnownFileType = sourcecode.swift; path = HuggingFaceModel.swift; sourceTree = "<group>"; };
		B26FDB4B2CEAD53700E1D57C /* HuggingFaceError.swift */ = {isa = PBXFileReference; lastKnownFileType = sourcecode.swift; path = HuggingFaceError.swift; sourceTree = "<group>"; };
		B26FDB4D2CEAD53E00E1D57C /* Quantization.swift */ = {isa = PBXFileReference; lastKnownFileType = sourcecode.swift; path = Quantization.swift; sourceTree = "<group>"; };
		B26FDB4F2CEAD54400E1D57C /* Template.swift */ = {isa = PBXFileReference; lastKnownFileType = sourcecode.swift; path = Template.swift; sourceTree = "<group>"; };
		B26FDB512CEAD54C00E1D57C /* Role.swift */ = {isa = PBXFileReference; lastKnownFileType = sourcecode.swift; path = Role.swift; sourceTree = "<group>"; };
		B26FDB5B2CEAD5C400E1D57C /* Context.swift */ = {isa = PBXFileReference; lastKnownFileType = sourcecode.swift; path = Context.swift; sourceTree = "<group>"; };
		B26FDB5D2CEAD5CB00E1D57C /* Model.swift */ = {isa = PBXFileReference; lastKnownFileType = sourcecode.swift; path = Model.swift; sourceTree = "<group>"; };
/* End PBXFileReference section */

/* Begin PBXFileSystemSynchronizedRootGroup section */
		48188E282CEE676800B0EF03 /* Styles */ = {isa = PBXFileSystemSynchronizedRootGroup; explicitFileTypes = {}; explicitFolders = (); path = Styles; sourceTree = "<group>"; };
		48194C362D14D69300E76532 /* doc_assets */ = {isa = PBXFileSystemSynchronizedRootGroup; explicitFileTypes = {}; explicitFolders = (); path = doc_assets; sourceTree = "<group>"; };
		487932D72CEBB63D00A741C5 /* BuildConfig */ = {isa = PBXFileSystemSynchronizedRootGroup; explicitFileTypes = {}; explicitFolders = (); path = BuildConfig; sourceTree = "<group>"; };
		48971DFB2D14D5E300F0DB43 /* aws-lambda */ = {isa = PBXFileSystemSynchronizedRootGroup; explicitFileTypes = {}; explicitFolders = (); path = "aws-lambda"; sourceTree = "<group>"; };
		48AA86D92CE688A4000B9138 /* Constants */ = {isa = PBXFileSystemSynchronizedRootGroup; explicitFileTypes = {}; explicitFolders = (); path = Constants; sourceTree = "<group>"; };
		48AA86DF2CE69622000B9138 /* Extensions */ = {isa = PBXFileSystemSynchronizedRootGroup; explicitFileTypes = {}; explicitFolders = (); path = Extensions; sourceTree = "<group>"; };
		B26FDB412CEAD48600E1D57C /* Resources */ = {isa = PBXFileSystemSynchronizedRootGroup; explicitFileTypes = {}; explicitFolders = (); path = Resources; sourceTree = "<group>"; };
		B26FDB422CEAD48F00E1D57C /* Views */ = {isa = PBXFileSystemSynchronizedRootGroup; explicitFileTypes = {}; explicitFolders = (); path = Views; sourceTree = "<group>"; };
/* End PBXFileSystemSynchronizedRootGroup section */

/* Begin PBXFrameworksBuildPhase section */
		A0117FE52C990EAB00035007 /* Frameworks */ = {
			isa = PBXFrameworksBuildPhase;
			buildActionMask = 2147483647;
			files = (
				A0117FFF2C990F5600035007 /* llama in Frameworks */,
				48952DF02D4D69D400476373 /* MarkdownUI in Frameworks */,
			);
			runOnlyForDeploymentPostprocessing = 0;
		};
/* End PBXFrameworksBuildPhase section */

/* Begin PBXGroup section */
		A0117FDF2C990EAB00035007 = {
			isa = PBXGroup;
			children = (
				48194C372D14D7C500E76532 /* README.md */,
				48194C362D14D69300E76532 /* doc_assets */,
				48971DFB2D14D5E300F0DB43 /* aws-lambda */,
				A0117FEA2C990EAB00035007 /* OLMoE.swift */,
				A0117FE92C990EAB00035007 /* Products */,
				58A7F8BB2D4C16F20041AA70 /* LICENSE */,
			);
			sourceTree = "<group>";
		};
		A0117FE92C990EAB00035007 /* Products */ = {
			isa = PBXGroup;
			children = (
				A0117FE82C990EAB00035007 /* OLMoE.swift.app */,
			);
			name = Products;
			sourceTree = "<group>";
		};
		A0117FEA2C990EAB00035007 /* OLMoE.swift */ = {
			isa = PBXGroup;
			children = (
				489710A12D14D22600F0DB43 /* README.md */,
				48188E282CEE676800B0EF03 /* Styles */,
				487932D72CEBB63D00A741C5 /* BuildConfig */,
				B26FDB422CEAD48F00E1D57C /* Views */,
				B26FDB412CEAD48600E1D57C /* Resources */,
				B26FDB402CEAD47700E1D57C /* Model */,
				48AA86D92CE688A4000B9138 /* Constants */,
				48AA86DF2CE69622000B9138 /* Extensions */,
				A04660402CA4017D007BD14C /* OLMoE-swift-Info.plist */,
				A046603E2CA400D2007BD14C /* AppInfo.swift */,
				A046603C2CA3FAFA007BD14C /* Configuration.swift */,
				A0117FEB2C990EAB00035007 /* OLMoE_swiftApp.swift */,
				A0117FEF2C990EAC00035007 /* Assets.xcassets */,
				A0117FF12C990EAC00035007 /* OLMoE_swift.entitlements */,
				A0117FF22C990EAC00035007 /* Preview Content */,
			);
			path = OLMoE.swift;
			sourceTree = "<group>";
		};
		A0117FF22C990EAC00035007 /* Preview Content */ = {
			isa = PBXGroup;
			children = (
				A0117FF32C990EAC00035007 /* Preview Assets.xcassets */,
			);
			path = "Preview Content";
			sourceTree = "<group>";
		};
		B26FDB402CEAD47700E1D57C /* Model */ = {
			isa = PBXGroup;
			children = (
				48E37C1F2D02715B0030C57C /* KeyboardResponder.swift */,
				48B806342CF54D9600E1CC0A /* LambdaResponseModel.swift */,
				489FD75B2CF13E4E0011E908 /* AttestManager.swift */,
				A01180002C990F7600035007 /* LLM.swift */,
				B26FDB5D2CEAD5CB00E1D57C /* Model.swift */,
				B26FDB5B2CEAD5C400E1D57C /* Context.swift */,
				B26FDB512CEAD54C00E1D57C /* Role.swift */,
				B26FDB4F2CEAD54400E1D57C /* Template.swift */,
				B26FDB4D2CEAD53E00E1D57C /* Quantization.swift */,
				B26FDB4B2CEAD53700E1D57C /* HuggingFaceError.swift */,
				B26FDB492CEAD53000E1D57C /* HuggingFaceModel.swift */,
			);
			path = Model;
			sourceTree = "<group>";
		};
/* End PBXGroup section */

/* Begin PBXNativeTarget section */
		A0117FE72C990EAB00035007 /* OLMoE.swift */ = {
			isa = PBXNativeTarget;
			buildConfigurationList = A0117FF72C990EAC00035007 /* Build configuration list for PBXNativeTarget "OLMoE.swift" */;
			buildPhases = (
				A0117FE42C990EAB00035007 /* Sources */,
				A0117FE52C990EAB00035007 /* Frameworks */,
				A0117FE62C990EAB00035007 /* Resources */,
			);
			buildRules = (
			);
			dependencies = (
			);
			fileSystemSynchronizedGroups = (
				48188E282CEE676800B0EF03 /* Styles */,
				487932D72CEBB63D00A741C5 /* BuildConfig */,
				48AA86D92CE688A4000B9138 /* Constants */,
				48AA86DF2CE69622000B9138 /* Extensions */,
				B26FDB412CEAD48600E1D57C /* Resources */,
				B26FDB422CEAD48F00E1D57C /* Views */,
			);
			name = OLMoE.swift;
			packageProductDependencies = (
				A0117FFE2C990F5600035007 /* llama */,
				48952DEF2D4D69D400476373 /* MarkdownUI */,
			);
			productName = OLMoE.swift;
			productReference = A0117FE82C990EAB00035007 /* OLMoE.swift.app */;
			productType = "com.apple.product-type.application";
		};
/* End PBXNativeTarget section */

/* Begin PBXProject section */
		A0117FE02C990EAB00035007 /* Project object */ = {
			isa = PBXProject;
			attributes = {
				BuildIndependentTargetsInParallel = 1;
				KnownAssetTags = (
					New,
				);
				LastSwiftUpdateCheck = 1540;
				LastUpgradeCheck = 1540;
				TargetAttributes = {
					A0117FE72C990EAB00035007 = {
						CreatedOnToolsVersion = 15.4;
					};
				};
			};
			buildConfigurationList = A0117FE32C990EAB00035007 /* Build configuration list for PBXProject "OLMoE.swift" */;
			compatibilityVersion = "Xcode 14.0";
			developmentRegion = en;
			hasScannedForEncodings = 0;
			knownRegions = (
				en,
				Base,
			);
			mainGroup = A0117FDF2C990EAB00035007;
			packageReferences = (
				A0117FFD2C990F5600035007 /* XCRemoteSwiftPackageReference "llama" */,
				48952DEE2D4D69D400476373 /* XCRemoteSwiftPackageReference "swift-markdown-ui" */,
			);
			productRefGroup = A0117FE92C990EAB00035007 /* Products */;
			projectDirPath = "";
			projectRoot = "";
			targets = (
				A0117FE72C990EAB00035007 /* OLMoE.swift */,
			);
		};
/* End PBXProject section */

/* Begin PBXResourcesBuildPhase section */
		A0117FE62C990EAB00035007 /* Resources */ = {
			isa = PBXResourcesBuildPhase;
			buildActionMask = 2147483647;
			files = (
				58A7F8BC2D4C16F20041AA70 /* LICENSE in Resources */,
				A0117FF42C990EAC00035007 /* Preview Assets.xcassets in Resources */,
				A0117FF02C990EAC00035007 /* Assets.xcassets in Resources */,
				489710A22D14D22600F0DB43 /* README.md in Resources */,
			);
			runOnlyForDeploymentPostprocessing = 0;
		};
/* End PBXResourcesBuildPhase section */

/* Begin PBXSourcesBuildPhase section */
		A0117FE42C990EAB00035007 /* Sources */ = {
			isa = PBXSourcesBuildPhase;
			buildActionMask = 2147483647;
			files = (
				489FD75C2CF13E4E0011E908 /* AttestManager.swift in Sources */,
				B26FDB4C2CEAD53700E1D57C /* HuggingFaceError.swift in Sources */,
				B26FDB522CEAD54C00E1D57C /* Role.swift in Sources */,
				B26FDB5C2CEAD5C400E1D57C /* Context.swift in Sources */,
				A046603D2CA3FAFA007BD14C /* Configuration.swift in Sources */,
				A01180012C990F7600035007 /* LLM.swift in Sources */,
				B26FDB5E2CEAD5CB00E1D57C /* Model.swift in Sources */,
				A0117FEC2C990EAB00035007 /* OLMoE_swiftApp.swift in Sources */,
				B26FDB502CEAD54400E1D57C /* Template.swift in Sources */,
				B26FDB4E2CEAD53E00E1D57C /* Quantization.swift in Sources */,
				B26FDB4A2CEAD53000E1D57C /* HuggingFaceModel.swift in Sources */,
				48E37C202D0271610030C57C /* KeyboardResponder.swift in Sources */,
				48B806352CF54D9F00E1CC0A /* LambdaResponseModel.swift in Sources */,
				A046603F2CA400D2007BD14C /* AppInfo.swift in Sources */,
			);
			runOnlyForDeploymentPostprocessing = 0;
		};
/* End PBXSourcesBuildPhase section */

/* Begin XCBuildConfiguration section */
		A0117FF52C990EAC00035007 /* Debug */ = {
			isa = XCBuildConfiguration;
			baseConfigurationReferenceAnchor = 487932D72CEBB63D00A741C5 /* BuildConfig */;
			baseConfigurationReferenceRelativePath = "project-defaults.xcconfig";
			buildSettings = {
				ALWAYS_SEARCH_USER_PATHS = NO;
				ASSETCATALOG_COMPILER_GENERATE_SWIFT_ASSET_SYMBOL_EXTENSIONS = YES;
				CLANG_ANALYZER_NONNULL = YES;
				CLANG_ANALYZER_NUMBER_OBJECT_CONVERSION = YES_AGGRESSIVE;
				CLANG_CXX_LANGUAGE_STANDARD = "gnu++20";
				CLANG_ENABLE_MODULES = YES;
				CLANG_ENABLE_OBJC_ARC = YES;
				CLANG_ENABLE_OBJC_WEAK = YES;
				CLANG_WARN_BLOCK_CAPTURE_AUTORELEASING = YES;
				CLANG_WARN_BOOL_CONVERSION = YES;
				CLANG_WARN_COMMA = YES;
				CLANG_WARN_CONSTANT_CONVERSION = YES;
				CLANG_WARN_DEPRECATED_OBJC_IMPLEMENTATIONS = YES;
				CLANG_WARN_DIRECT_OBJC_ISA_USAGE = YES_ERROR;
				CLANG_WARN_DOCUMENTATION_COMMENTS = YES;
				CLANG_WARN_EMPTY_BODY = YES;
				CLANG_WARN_ENUM_CONVERSION = YES;
				CLANG_WARN_INFINITE_RECURSION = YES;
				CLANG_WARN_INT_CONVERSION = YES;
				CLANG_WARN_NON_LITERAL_NULL_CONVERSION = YES;
				CLANG_WARN_OBJC_IMPLICIT_RETAIN_SELF = YES;
				CLANG_WARN_OBJC_LITERAL_CONVERSION = YES;
				CLANG_WARN_OBJC_ROOT_CLASS = YES_ERROR;
				CLANG_WARN_QUOTED_INCLUDE_IN_FRAMEWORK_HEADER = YES;
				CLANG_WARN_RANGE_LOOP_ANALYSIS = YES;
				CLANG_WARN_STRICT_PROTOTYPES = YES;
				CLANG_WARN_SUSPICIOUS_MOVE = YES;
				CLANG_WARN_UNGUARDED_AVAILABILITY = YES_AGGRESSIVE;
				CLANG_WARN_UNREACHABLE_CODE = YES;
				CLANG_WARN__DUPLICATE_METHOD_MATCH = YES;
				CODE_SIGN_IDENTITY = "-";
				COPY_PHASE_STRIP = NO;
				DEBUG_INFORMATION_FORMAT = dwarf;
				ENABLE_STRICT_OBJC_MSGSEND = YES;
				ENABLE_TESTABILITY = YES;
				ENABLE_USER_SCRIPT_SANDBOXING = YES;
				GCC_C_LANGUAGE_STANDARD = gnu17;
				GCC_DYNAMIC_NO_PIC = NO;
				GCC_NO_COMMON_BLOCKS = YES;
				GCC_OPTIMIZATION_LEVEL = 0;
				GCC_PREPROCESSOR_DEFINITIONS = (
					"DEBUG=1",
					"$(inherited)",
				);
				GCC_WARN_64_TO_32_BIT_CONVERSION = YES;
				GCC_WARN_ABOUT_RETURN_TYPE = YES_ERROR;
				GCC_WARN_UNDECLARED_SELECTOR = YES;
				GCC_WARN_UNINITIALIZED_AUTOS = YES_AGGRESSIVE;
				GCC_WARN_UNUSED_FUNCTION = YES;
				GCC_WARN_UNUSED_VARIABLE = YES;
				LOCALIZATION_PREFERS_STRING_CATALOGS = YES;
				MTL_ENABLE_DEBUG_INFO = INCLUDE_SOURCE;
				MTL_FAST_MATH = YES;
				ONLY_ACTIVE_ARCH = YES;
				SWIFT_ACTIVE_COMPILATION_CONDITIONS = "DEBUG $(inherited)";
				SWIFT_EMIT_LOC_STRINGS = YES;
				SWIFT_OPTIMIZATION_LEVEL = "-Onone";
			};
			name = Debug;
		};
		A0117FF62C990EAC00035007 /* Release */ = {
			isa = XCBuildConfiguration;
			baseConfigurationReferenceAnchor = 487932D72CEBB63D00A741C5 /* BuildConfig */;
			baseConfigurationReferenceRelativePath = "project-defaults.xcconfig";
			buildSettings = {
				ALWAYS_SEARCH_USER_PATHS = NO;
				ASSETCATALOG_COMPILER_GENERATE_SWIFT_ASSET_SYMBOL_EXTENSIONS = YES;
				CLANG_ANALYZER_NONNULL = YES;
				CLANG_ANALYZER_NUMBER_OBJECT_CONVERSION = YES_AGGRESSIVE;
				CLANG_CXX_LANGUAGE_STANDARD = "gnu++20";
				CLANG_ENABLE_MODULES = YES;
				CLANG_ENABLE_OBJC_ARC = YES;
				CLANG_ENABLE_OBJC_WEAK = YES;
				CLANG_WARN_BLOCK_CAPTURE_AUTORELEASING = YES;
				CLANG_WARN_BOOL_CONVERSION = YES;
				CLANG_WARN_COMMA = YES;
				CLANG_WARN_CONSTANT_CONVERSION = YES;
				CLANG_WARN_DEPRECATED_OBJC_IMPLEMENTATIONS = YES;
				CLANG_WARN_DIRECT_OBJC_ISA_USAGE = YES_ERROR;
				CLANG_WARN_DOCUMENTATION_COMMENTS = YES;
				CLANG_WARN_EMPTY_BODY = YES;
				CLANG_WARN_ENUM_CONVERSION = YES;
				CLANG_WARN_INFINITE_RECURSION = YES;
				CLANG_WARN_INT_CONVERSION = YES;
				CLANG_WARN_NON_LITERAL_NULL_CONVERSION = YES;
				CLANG_WARN_OBJC_IMPLICIT_RETAIN_SELF = YES;
				CLANG_WARN_OBJC_LITERAL_CONVERSION = YES;
				CLANG_WARN_OBJC_ROOT_CLASS = YES_ERROR;
				CLANG_WARN_QUOTED_INCLUDE_IN_FRAMEWORK_HEADER = YES;
				CLANG_WARN_RANGE_LOOP_ANALYSIS = YES;
				CLANG_WARN_STRICT_PROTOTYPES = YES;
				CLANG_WARN_SUSPICIOUS_MOVE = YES;
				CLANG_WARN_UNGUARDED_AVAILABILITY = YES_AGGRESSIVE;
				CLANG_WARN_UNREACHABLE_CODE = YES;
				CLANG_WARN__DUPLICATE_METHOD_MATCH = YES;
				COPY_PHASE_STRIP = NO;
				DEBUG_INFORMATION_FORMAT = "dwarf-with-dsym";
				ENABLE_NS_ASSERTIONS = NO;
				ENABLE_STRICT_OBJC_MSGSEND = YES;
				ENABLE_USER_SCRIPT_SANDBOXING = YES;
				GCC_C_LANGUAGE_STANDARD = gnu17;
				GCC_NO_COMMON_BLOCKS = YES;
				GCC_WARN_64_TO_32_BIT_CONVERSION = YES;
				GCC_WARN_ABOUT_RETURN_TYPE = YES_ERROR;
				GCC_WARN_UNDECLARED_SELECTOR = YES;
				GCC_WARN_UNINITIALIZED_AUTOS = YES_AGGRESSIVE;
				GCC_WARN_UNUSED_FUNCTION = YES;
				GCC_WARN_UNUSED_VARIABLE = YES;
				LOCALIZATION_PREFERS_STRING_CATALOGS = YES;
				MTL_ENABLE_DEBUG_INFO = NO;
				MTL_FAST_MATH = YES;
				SWIFT_COMPILATION_MODE = wholemodule;
				SWIFT_EMIT_LOC_STRINGS = YES;
			};
			name = Release;
		};
		A0117FF82C990EAC00035007 /* Debug */ = {
			isa = XCBuildConfiguration;
			baseConfigurationReferenceAnchor = 487932D72CEBB63D00A741C5 /* BuildConfig */;
			baseConfigurationReferenceRelativePath = build.xcconfig;
			buildSettings = {
				ASSETCATALOG_COMPILER_APPICON_NAME = AppIcon;
				ASSETCATALOG_COMPILER_GLOBAL_ACCENT_COLOR_NAME = AccentColor;
				CODE_SIGN_ENTITLEMENTS = OLMoE.swift/OLMoE_swift.entitlements;
				CODE_SIGN_IDENTITY = "-";
				"CODE_SIGN_IDENTITY[sdk=iphoneos*]" = "-";
				"CODE_SIGN_IDENTITY[sdk=macosx*]" = "-";
				CODE_SIGN_STYLE = Automatic;
				CURRENT_PROJECT_VERSION = "${BUNDLE_VERSION}";
				DEVELOPMENT_ASSET_PATHS = "\"OLMoE.swift/Preview Content\"";
				DEVELOPMENT_TEAM = "${DEVELOPMENT_TEAM_ID}";
				ENABLE_HARDENED_RUNTIME = YES;
				ENABLE_PREVIEWS = YES;
				GENERATE_INFOPLIST_FILE = YES;
				INFOPLIST_FILE = "OLMoE-swift-Info.plist";
				INFOPLIST_KEY_CFBundleDisplayName = "Ai2 OLMoE";
				INFOPLIST_KEY_LSApplicationCategoryType = "public.app-category.productivity";
				"INFOPLIST_KEY_UIApplicationSceneManifest_Generation[sdk=iphoneos*]" = YES;
				"INFOPLIST_KEY_UIApplicationSceneManifest_Generation[sdk=iphonesimulator*]" = YES;
				"INFOPLIST_KEY_UIApplicationSupportsIndirectInputEvents[sdk=iphoneos*]" = YES;
				"INFOPLIST_KEY_UIApplicationSupportsIndirectInputEvents[sdk=iphonesimulator*]" = YES;
				"INFOPLIST_KEY_UILaunchScreen_Generation[sdk=iphoneos*]" = YES;
				"INFOPLIST_KEY_UILaunchScreen_Generation[sdk=iphonesimulator*]" = YES;
				"INFOPLIST_KEY_UIStatusBarStyle[sdk=iphoneos*]" = UIStatusBarStyleDefault;
				"INFOPLIST_KEY_UIStatusBarStyle[sdk=iphonesimulator*]" = UIStatusBarStyleDefault;
				INFOPLIST_KEY_UISupportedInterfaceOrientations_iPad = "UIInterfaceOrientationPortrait UIInterfaceOrientationPortraitUpsideDown UIInterfaceOrientationLandscapeLeft UIInterfaceOrientationLandscapeRight";
				INFOPLIST_KEY_UISupportedInterfaceOrientations_iPhone = "UIInterfaceOrientationPortrait UIInterfaceOrientationLandscapeLeft UIInterfaceOrientationLandscapeRight";
				IPHONEOS_DEPLOYMENT_TARGET = 17.5;
				LD_RUNPATH_SEARCH_PATHS = "@executable_path/Frameworks";
				"LD_RUNPATH_SEARCH_PATHS[sdk=macosx*]" = "@executable_path/../Frameworks";
				MACOSX_DEPLOYMENT_TARGET = 14.5;
				MARKETING_VERSION = "${BUNDLE_VERSION_PUBLIC}";
				PRODUCT_BUNDLE_IDENTIFIER = "${PRODUCT_BUNDLE_IDENTIFIER}";
				PRODUCT_NAME = "$(TARGET_NAME)";
				PROVISIONING_PROFILE_SPECIFIER = "";
				SDKROOT = auto;
				SUPPORTED_PLATFORMS = "iphoneos iphonesimulator";
				SUPPORTS_MACCATALYST = NO;
				SWIFT_EMIT_LOC_STRINGS = YES;
				SWIFT_VERSION = 5.0;
				TARGETED_DEVICE_FAMILY = "1,2";
			};
			name = Debug;
		};
		A0117FF92C990EAC00035007 /* Release */ = {
			isa = XCBuildConfiguration;
			baseConfigurationReferenceAnchor = 487932D72CEBB63D00A741C5 /* BuildConfig */;
			baseConfigurationReferenceRelativePath = build.xcconfig;
			buildSettings = {
				ASSETCATALOG_COMPILER_APPICON_NAME = AppIcon;
				ASSETCATALOG_COMPILER_GLOBAL_ACCENT_COLOR_NAME = AccentColor;
				CODE_SIGN_ENTITLEMENTS = OLMoE.swift/OLMoE_swift.entitlements;
				CODE_SIGN_IDENTITY = "Apple Development";
				"CODE_SIGN_IDENTITY[sdk=iphoneos*]" = "Apple Development";
				"CODE_SIGN_IDENTITY[sdk=macosx*]" = "Apple Development";
				CODE_SIGN_STYLE = Automatic;
				CURRENT_PROJECT_VERSION = "${BUNDLE_VERSION}";
				DEVELOPMENT_ASSET_PATHS = "\"OLMoE.swift/Preview Content\"";
				DEVELOPMENT_TEAM = "${DEVELOPMENT_TEAM_ID}";
				ENABLE_HARDENED_RUNTIME = YES;
				ENABLE_PREVIEWS = YES;
				GENERATE_INFOPLIST_FILE = YES;
				INFOPLIST_FILE = "OLMoE-swift-Info.plist";
				INFOPLIST_KEY_CFBundleDisplayName = "Ai2 OLMoE";
				INFOPLIST_KEY_LSApplicationCategoryType = "public.app-category.productivity";
				"INFOPLIST_KEY_UIApplicationSceneManifest_Generation[sdk=iphoneos*]" = YES;
				"INFOPLIST_KEY_UIApplicationSceneManifest_Generation[sdk=iphonesimulator*]" = YES;
				"INFOPLIST_KEY_UIApplicationSupportsIndirectInputEvents[sdk=iphoneos*]" = YES;
				"INFOPLIST_KEY_UIApplicationSupportsIndirectInputEvents[sdk=iphonesimulator*]" = YES;
				"INFOPLIST_KEY_UILaunchScreen_Generation[sdk=iphoneos*]" = YES;
				"INFOPLIST_KEY_UILaunchScreen_Generation[sdk=iphonesimulator*]" = YES;
				"INFOPLIST_KEY_UIStatusBarStyle[sdk=iphoneos*]" = UIStatusBarStyleDefault;
				"INFOPLIST_KEY_UIStatusBarStyle[sdk=iphonesimulator*]" = UIStatusBarStyleDefault;
				INFOPLIST_KEY_UISupportedInterfaceOrientations_iPad = "UIInterfaceOrientationPortrait UIInterfaceOrientationPortraitUpsideDown UIInterfaceOrientationLandscapeLeft UIInterfaceOrientationLandscapeRight";
				INFOPLIST_KEY_UISupportedInterfaceOrientations_iPhone = "UIInterfaceOrientationPortrait UIInterfaceOrientationLandscapeLeft UIInterfaceOrientationLandscapeRight";
				IPHONEOS_DEPLOYMENT_TARGET = 17.5;
				LD_RUNPATH_SEARCH_PATHS = "@executable_path/Frameworks";
				"LD_RUNPATH_SEARCH_PATHS[sdk=macosx*]" = "@executable_path/../Frameworks";
				MACOSX_DEPLOYMENT_TARGET = 14.5;
				MARKETING_VERSION = "${BUNDLE_VERSION_PUBLIC}";
				PRODUCT_BUNDLE_IDENTIFIER = "${PRODUCT_BUNDLE_IDENTIFIER}";
				PRODUCT_NAME = "$(TARGET_NAME)";
				PROVISIONING_PROFILE_SPECIFIER = "";
				SDKROOT = auto;
				SUPPORTED_PLATFORMS = "iphoneos iphonesimulator";
				SUPPORTS_MACCATALYST = NO;
				SWIFT_EMIT_LOC_STRINGS = YES;
				SWIFT_VERSION = 5.0;
				TARGETED_DEVICE_FAMILY = "1,2";
			};
			name = Release;
		};
/* End XCBuildConfiguration section */

/* Begin XCConfigurationList section */
		A0117FE32C990EAB00035007 /* Build configuration list for PBXProject "OLMoE.swift" */ = {
			isa = XCConfigurationList;
			buildConfigurations = (
				A0117FF52C990EAC00035007 /* Debug */,
				A0117FF62C990EAC00035007 /* Release */,
			);
			defaultConfigurationIsVisible = 0;
			defaultConfigurationName = Release;
		};
		A0117FF72C990EAC00035007 /* Build configuration list for PBXNativeTarget "OLMoE.swift" */ = {
			isa = XCConfigurationList;
			buildConfigurations = (
				A0117FF82C990EAC00035007 /* Debug */,
				A0117FF92C990EAC00035007 /* Release */,
			);
			defaultConfigurationIsVisible = 0;
			defaultConfigurationName = Release;
		};
/* End XCConfigurationList section */

/* Begin XCRemoteSwiftPackageReference section */
		48952DEE2D4D69D400476373 /* XCRemoteSwiftPackageReference "swift-markdown-ui" */ = {
			isa = XCRemoteSwiftPackageReference;
			repositoryURL = "https://github.com/gonzalezreal/swift-markdown-ui";
			requirement = {
				kind = upToNextMajorVersion;
				minimumVersion = 2.4.1;
			};
		};
		A0117FFD2C990F5600035007 /* XCRemoteSwiftPackageReference "llama" */ = {
			isa = XCRemoteSwiftPackageReference;
			repositoryURL = "https://github.com/ggerganov/llama.cpp/";
			requirement = {
				kind = revision;
				revision = cc98896db858df7aa40d0e16a505883ef196a482;
			};
		};
/* End XCRemoteSwiftPackageReference section */

/* Begin XCSwiftPackageProductDependency section */
		48952DEF2D4D69D400476373 /* MarkdownUI */ = {
			isa = XCSwiftPackageProductDependency;
			package = 48952DEE2D4D69D400476373 /* XCRemoteSwiftPackageReference "swift-markdown-ui" */;
			productName = MarkdownUI;
		};
		A0117FFE2C990F5600035007 /* llama */ = {
			isa = XCSwiftPackageProductDependency;
			package = A0117FFD2C990F5600035007 /* XCRemoteSwiftPackageReference "llama" */;
			productName = llama;
		};
/* End XCSwiftPackageProductDependency section */
	};
	rootObject = A0117FE02C990EAB00035007 /* Project object */;
}
